
Microsoft Visual Studio Solution File, Format Version 12.00
# Visual Studio Version 17
VisualStudioVersion = 17.4.33403.182
MinimumVisualStudioVersion = 10.0.40219.1
Project("{9A19103F-16F7-4668-BE54-9A1E7A4F7556}") = "TrackingDataApi", "TrackingDataApi\TrackingDataApi.csproj", "{FAD00997-28F9-4B79-9A9A-A044348F4B1E}"
EndProject
Project("{9A19103F-16F7-4668-BE54-9A1E7A4F7556}") = "RepositoryEfCore", "RepositoryEfCore\RepositoryEfCore.csproj", "{4EDD2C4B-AE5F-4E9E-969E-F3E4D4732773}"
EndProject
Project("{9A19103F-16F7-4668-BE54-9A1E7A4F7556}") = "WorkFlow", "WorkFlow\WorkFlow.csproj", "{7C0171BA-FDB5-419E-B542-3FBD22D60ADB}"
EndProject
Project("{9A19103F-16F7-4668-BE54-9A1E7A4F7556}") = "Logging", "Logging\Logging.csproj", "{8DCAD779-68DE-40B1-90EB-B414177DCF76}"
EndProject
Project("{9A19103F-16F7-4668-BE54-9A1E7A4F7556}") = "Core", "Core\Core.csproj", "{13E73F72-7886-4E1E-90CD-D438AC2A7B59}"
EndProject
Project("{FAE04EC0-301F-11D3-BF4B-00C04F79EFBC}") = "Logging.Console", "Logging.Console\Logging.Console.csproj", "{BEBD2DB2-3CCC-417C-82E9-620103DDC5FA}"
EndProject
Project("{FAE04EC0-301F-11D3-BF4B-00C04F79EFBC}") = "Logging.File", "Logging.File\Logging.File.csproj", "{2782C5A0-1B70-4B7E-85DA-E8510CDD92E1}"
EndProject
Global
	GlobalSection(SolutionConfigurationPlatforms) = preSolution
		Debug|Any CPU = Debug|Any CPU
		Release|Any CPU = Release|Any CPU
	EndGlobalSection
	GlobalSection(ProjectConfigurationPlatforms) = postSolution
		{FAD00997-28F9-4B79-9A9A-A044348F4B1E}.Debug|Any CPU.ActiveCfg = Debug|Any CPU
		{FAD00997-28F9-4B79-9A9A-A044348F4B1E}.Debug|Any CPU.Build.0 = Debug|Any CPU
		{FAD00997-28F9-4B79-9A9A-A044348F4B1E}.Release|Any CPU.ActiveCfg = Release|Any CPU
		{FAD00997-28F9-4B79-9A9A-A044348F4B1E}.Release|Any CPU.Build.0 = Release|Any CPU
		{4EDD2C4B-AE5F-4E9E-969E-F3E4D4732773}.Debug|Any CPU.ActiveCfg = Debug|Any CPU
		{4EDD2C4B-AE5F-4E9E-969E-F3E4D4732773}.Debug|Any CPU.Build.0 = Debug|Any CPU
		{4EDD2C4B-AE5F-4E9E-969E-F3E4D4732773}.Release|Any CPU.ActiveCfg = Release|Any CPU
		{4EDD2C4B-AE5F-4E9E-969E-F3E4D4732773}.Release|Any CPU.Build.0 = Release|Any CPU
		{7C0171BA-FDB5-419E-B542-3FBD22D60ADB}.Debug|Any CPU.ActiveCfg = Debug|Any CPU
		{7C0171BA-FDB5-419E-B542-3FBD22D60ADB}.Debug|Any CPU.Build.0 = Debug|Any CPU
		{7C0171BA-FDB5-419E-B542-3FBD22D60ADB}.Release|Any CPU.ActiveCfg = Release|Any CPU
		{7C0171BA-FDB5-419E-B542-3FBD22D60ADB}.Release|Any CPU.Build.0 = Release|Any CPU
		{8DCAD779-68DE-40B1-90EB-B414177DCF76}.Debug|Any CPU.ActiveCfg = Debug|Any CPU
		{8DCAD779-68DE-40B1-90EB-B414177DCF76}.Debug|Any CPU.Build.0 = Debug|Any CPU
		{8DCAD779-68DE-40B1-90EB-B414177DCF76}.Release|Any CPU.ActiveCfg = Release|Any CPU
		{8DCAD779-68DE-40B1-90EB-B414177DCF76}.Release|Any CPU.Build.0 = Release|Any CPU
		{13E73F72-7886-4E1E-90CD-D438AC2A7B59}.Debug|Any CPU.ActiveCfg = Debug|Any CPU
		{13E73F72-7886-4E1E-90CD-D438AC2A7B59}.Debug|Any CPU.Build.0 = Debug|Any CPU
		{13E73F72-7886-4E1E-90CD-D438AC2A7B59}.Release|Any CPU.ActiveCfg = Release|Any CPU
		{13E73F72-7886-4E1E-90CD-D438AC2A7B59}.Release|Any CPU.Build.0 = Release|Any CPU
		{BEBD2DB2-3CCC-417C-82E9-620103DDC5FA}.Debug|Any CPU.ActiveCfg = Debug|Any CPU
		{BEBD2DB2-3CCC-417C-82E9-620103DDC5FA}.Debug|Any CPU.Build.0 = Debug|Any CPU
		{BEBD2DB2-3CCC-417C-82E9-620103DDC5FA}.Release|Any CPU.ActiveCfg = Release|Any CPU
		{BEBD2DB2-3CCC-417C-82E9-620103DDC5FA}.Release|Any CPU.Build.0 = Release|Any CPU
		{2782C5A0-1B70-4B7E-85DA-E8510CDD92E1}.Debug|Any CPU.ActiveCfg = Debug|Any CPU
		{2782C5A0-1B70-4B7E-85DA-E8510CDD92E1}.Debug|Any CPU.Build.0 = Debug|Any CPU
		{2782C5A0-1B70-4B7E-85DA-E8510CDD92E1}.Release|Any CPU.ActiveCfg = Release|Any CPU
		{2782C5A0-1B70-4B7E-85DA-E8510CDD92E1}.Release|Any CPU.Build.0 = Release|Any CPU
	EndGlobalSection
	GlobalSection(SolutionProperties) = preSolution
		HideSolutionNode = FALSE
	EndGlobalSection
	GlobalSection(ExtensibilityGlobals) = postSolution
		SolutionGuid = {2FDDA061-B117-4E09-95BC-9E8570F95D2B}
	EndGlobalSection
EndGlobal
